
Microsoft Visual Studio Solution File, Format Version 12.00
# Visual Studio Version 17
VisualStudioVersion = 17.2.32630.192
MinimumVisualStudioVersion = 10.0.40219.1
Project("{9A19103F-16F7-4668-BE54-9A1E7A4F7556}") = "cms12-alloy", "cms12-alloy-contentdeliveryapi\cms12-alloy.csproj", "{DF0653D7-D646-4E05-8452-B9A45B3E318E}"
EndProject
Project("{9A19103F-16F7-4668-BE54-9A1E7A4F7556}") = "HiddenFoundry.ContentDeliveryApi.ExpandContentAreas", "HiddenFoundry.ContentDeliveryApi.ExpandContentAreas\HiddenFoundry.ContentDeliveryApi.ExpandContentAreas.csproj", "{233D99C9-97B3-4DA6-9C99-DEF8D1DCC0DF}"
EndProject
Global
	GlobalSection(SolutionConfigurationPlatforms) = preSolution
		Debug|Any CPU = Debug|Any CPU
		Release|Any CPU = Release|Any CPU
	EndGlobalSection
	GlobalSection(ProjectConfigurationPlatforms) = postSolution
		{DF0653D7-D646-4E05-8452-B9A45B3E318E}.Debug|Any CPU.ActiveCfg = Debug|Any CPU
		{DF0653D7-D646-4E05-8452-B9A45B3E318E}.Debug|Any CPU.Build.0 = Debug|Any CPU
		{DF0653D7-D646-4E05-8452-B9A45B3E318E}.Release|Any CPU.ActiveCfg = Release|Any CPU
		{DF0653D7-D646-4E05-8452-B9A45B3E318E}.Release|Any CPU.Build.0 = Release|Any CPU
		{233D99C9-97B3-4DA6-9C99-DEF8D1DCC0DF}.Debug|Any CPU.ActiveCfg = Debug|Any CPU
		{233D99C9-97B3-4DA6-9C99-DEF8D1DCC0DF}.Debug|Any CPU.Build.0 = Debug|Any CPU
		{233D99C9-97B3-4DA6-9C99-DEF8D1DCC0DF}.Release|Any CPU.ActiveCfg = Release|Any CPU
		{233D99C9-97B3-4DA6-9C99-DEF8D1DCC0DF}.Release|Any CPU.Build.0 = Release|Any CPU
	EndGlobalSection
	GlobalSection(SolutionProperties) = preSolution
		HideSolutionNode = FALSE
	EndGlobalSection
	GlobalSection(ExtensibilityGlobals) = postSolution
		SolutionGuid = {0BAFA07B-1DD3-44E7-9A89-112839F6548D}
	EndGlobalSection
EndGlobal
